// !$*UTF8*$!
{
	archiveVersion = 1;
	classes = {
	};
	objectVersion = 70;
	objects = {

/* Begin PBXBuildFile section */
		13B07FBF1A68108700A75B9A /* Images.xcassets in Resources */ = {isa = PBXBuildFile; fileRef = 13B07FB51A68108700A75B9A /* Images.xcassets */; };
		1F218B052FB690AA00E51C36 /* PrivacyInfo.xcprivacy in Resources */ = {isa = PBXBuildFile; fileRef = 1F218B042FB690AA00E51C36 /* PrivacyInfo.xcprivacy */; };
		1FBB1B242FBEB3F900EBB921 /* NuurTimetableWidget.swift in Sources */ = {isa = PBXBuildFile; fileRef = 1FBB1B232FBEB3F900EBB921 /* NuurTimetableWidget.swift */; };
		1FBB1B262FBEB42500EBB921 /* DailyTimetable.swift in Sources */ = {isa = PBXBuildFile; fileRef = 1FBB1B252FBEB42500EBB921 /* DailyTimetable.swift */; };
		1FBB1B272FBEB42500EBB921 /* DailyTimetable.swift in Sources */ = {isa = PBXBuildFile; fileRef = 1FBB1B252FBEB42500EBB921 /* DailyTimetable.swift */; };
		1FBB1B292FBF010000EBB921 /* AdhkarState.swift in Sources */ = {isa = PBXBuildFile; fileRef = 1FBB1B282FBF010000EBB921 /* AdhkarState.swift */; };
		1FBB1B2A2FBF010000EBB921 /* AdhkarState.swift in Sources */ = {isa = PBXBuildFile; fileRef = 1FBB1B282FBF010000EBB921 /* AdhkarState.swift */; };
		1FBB1B2C2FBF010000EBB921 /* VerseOfMoment.swift in Sources */ = {isa = PBXBuildFile; fileRef = 1FBB1B2B2FBF010000EBB921 /* VerseOfMoment.swift */; };
		1FCE29BB2FAC57060093DD2E /* WidgetKit.framework in Frameworks */ = {isa = PBXBuildFile; fileRef = 1FCE29BA2FAC57060093DD2E /* WidgetKit.framework */; };
		1FCE29BD2FAC57060093DD2E /* SwiftUI.framework in Frameworks */ = {isa = PBXBuildFile; fileRef = 1FCE29BC2FAC57060093DD2E /* SwiftUI.framework */; };
		1FCE29CC2FAC57070093DD2E /* NuurWidgetExtension.appex in Embed Foundation Extensions */ = {isa = PBXBuildFile; fileRef = 1FCE29B92FAC57060093DD2E /* NuurWidgetExtension.appex */; settings = {ATTRIBUTES = (RemoveHeadersOnCopy, ); }; };
		1FCE29FF2FAE65770093DD2E /* NuurBridge.swift in Sources */ = {isa = PBXBuildFile; fileRef = 1FCE29FD2FAE65770093DD2E /* NuurBridge.swift */; };
		1FCE2A1B2FAE69E40093DD2E /* NuurBridge.m in Sources */ = {isa = PBXBuildFile; fileRef = 1FCE2A1A2FAE69E40093DD2E /* NuurBridge.m */; };
		3E461D99554A48A4959DE609 /* SplashScreen.storyboard in Resources */ = {isa = PBXBuildFile; fileRef = AA286B85B6C04FC6940260E9 /* SplashScreen.storyboard */; };
		A10000012FBF000100000001 /* adhan_makkah.wav in Resources */ = {isa = PBXBuildFile; fileRef = A10000112FBF000100000001 /* adhan_makkah.wav */; };
		A10000022FBF000100000001 /* adhan_madinah.wav in Resources */ = {isa = PBXBuildFile; fileRef = A10000122FBF000100000001 /* adhan_madinah.wav */; };
		A10000032FBF000100000001 /* adhan_afasy.wav in Resources */ = {isa = PBXBuildFile; fileRef = A10000132FBF000100000001 /* adhan_afasy.wav */; };
		A10000042FBF000100000001 /* adhan_egyptian.wav in Resources */ = {isa = PBXBuildFile; fileRef = A10000142FBF000100000001 /* adhan_egyptian.wav */; };
		A10000052FBF000100000001 /* adhan_turkish.wav in Resources */ = {isa = PBXBuildFile; fileRef = A10000152FBF000100000001 /* adhan_turkish.wav */; };
		A8AD3D26A7F8248C3B851FAD /* libPods-Nuur.a in Frameworks */ = {isa = PBXBuildFile; fileRef = 7E3C363BD1B7F482AF949739 /* libPods-Nuur.a */; };
		BB2F792D24A3F905000567C9 /* Expo.plist in Resources */ = {isa = PBXBuildFile; fileRef = BB2F792C24A3F905000567C9 /* Expo.plist */; };
		E26FD8A50E7179B467965E4B /* ExpoModulesProvider.swift in Sources */ = {isa = PBXBuildFile; fileRef = 3CF9148998AEBD0710956DFA /* ExpoModulesProvider.swift */; };
		F11748422D0307B40044C1D9 /* AppDelegate.swift in Sources */ = {isa = PBXBuildFile; fileRef = F11748412D0307B40044C1D9 /* AppDelegate.swift */; };
/* End PBXBuildFile section */

/* Begin PBXContainerItemProxy section */
		1FCE29CA2FAC57070093DD2E /* PBXContainerItemProxy */ = {
			isa = PBXContainerItemProxy;
			containerPortal = 83CBB9F71A601CBA00E9B192 /* Project object */;
			proxyType = 1;
			remoteGlobalIDString = 1FCE29B82FAC57060093DD2E;
			remoteInfo = NuurWidgetExtension;
		};
/* End PBXContainerItemProxy section */

/* Begin PBXCopyFilesBuildPhase section */
		1FCE29CD2FAC57070093DD2E /* Embed Foundation Extensions */ = {
			isa = PBXCopyFilesBuildPhase;
			buildActionMask = 2147483647;
			dstPath = "";
			dstSubfolderSpec = 13;
			files = (
				1FCE29CC2FAC57070093DD2E /* NuurWidgetExtension.appex in Embed Foundation Extensions */,
			);
			name = "Embed Foundation Extensions";
			runOnlyForDeploymentPostprocessing = 0;
		};
/* End PBXCopyFilesBuildPhase section */

/* Begin PBXFileReference section */
		13B07F961A680F5B00A75B9A /* Nuur.app */ = {isa = PBXFileReference; explicitFileType = wrapper.application; includeInIndex = 0; path = Nuur.app; sourceTree = BUILT_PRODUCTS_DIR; };
		13B07FB51A68108700A75B9A /* Images.xcassets */ = {isa = PBXFileReference; lastKnownFileType = folder.assetcatalog; name = Images.xcassets; path = Nuur/Images.xcassets; sourceTree = "<group>"; };
		13B07FB61A68108700A75B9A /* Info.plist */ = {isa = PBXFileReference; fileEncoding = 4; lastKnownFileType = text.plist.xml; name = Info.plist; path = Nuur/Info.plist; sourceTree = "<group>"; };
		1F218B042FB690AA00E51C36 /* PrivacyInfo.xcprivacy */ = {isa = PBXFileReference; lastKnownFileType = text.xml; name = PrivacyInfo.xcprivacy; path = Nuur/PrivacyInfo.xcprivacy; sourceTree = "<group>"; };
		1FBB1B232FBEB3F900EBB921 /* NuurTimetableWidget.swift */ = {isa = PBXFileReference; lastKnownFileType = sourcecode.swift; name = NuurTimetableWidget.swift; path = "../native/NuurWidget-replacements/NuurTimetableWidget.swift"; sourceTree = SOURCE_ROOT; };
		1FBB1B252FBEB42500EBB921 /* DailyTimetable.swift */ = {isa = PBXFileReference; lastKnownFileType = sourcecode.swift; name = DailyTimetable.swift; path = ../native/NuurShared/DailyTimetable.swift; sourceTree = SOURCE_ROOT; };
		1FBB1B282FBF010000EBB921 /* AdhkarState.swift */ = {isa = PBXFileReference; lastKnownFileType = sourcecode.swift; name = AdhkarState.swift; path = ../native/NuurShared/AdhkarState.swift; sourceTree = SOURCE_ROOT; };
		1FBB1B2B2FBF010000EBB921 /* VerseOfMoment.swift */ = {isa = PBXFileReference; lastKnownFileType = sourcecode.swift; name = VerseOfMoment.swift; path = ../native/NuurShared/VerseOfMoment.swift; sourceTree = SOURCE_ROOT; };
		1FCE29B92FAC57060093DD2E /* NuurWidgetExtension.appex */ = {isa = PBXFileReference; explicitFileType = "wrapper.app-extension"; includeInIndex = 0; path = NuurWidgetExtension.appex; sourceTree = BUILT_PRODUCTS_DIR; };
		1FCE29BA2FAC57060093DD2E /* WidgetKit.framework */ = {isa = PBXFileReference; lastKnownFileType = wrapper.framework; name = WidgetKit.framework; path = System/Library/Frameworks/WidgetKit.framework; sourceTree = SDKROOT; };
		1FCE29BC2FAC57060093DD2E /* SwiftUI.framework */ = {isa = PBXFileReference; lastKnownFileType = wrapper.framework; name = SwiftUI.framework; path = System/Library/Frameworks/SwiftUI.framework; sourceTree = SDKROOT; };
		1FCE29FD2FAE65770093DD2E /* NuurBridge.swift */ = {isa = PBXFileReference; lastKnownFileType = sourcecode.swift; name = NuurBridge.swift; path = Nuur/NuurBridge.swift; sourceTree = "<group>"; };
		1FCE2A1A2FAE69E40093DD2E /* NuurBridge.m */ = {isa = PBXFileReference; lastKnownFileType = sourcecode.c.objc; name = NuurBridge.m; path = Nuur/NuurBridge.m; sourceTree = "<group>"; };
		1FCE2A1C2FAE94DF0093DD2E /* NuurWidgetExtension.entitlements */ = {isa = PBXFileReference; lastKnownFileType = text.plist.entitlements; path = NuurWidgetExtension.entitlements; sourceTree = "<group>"; };
		3CF9148998AEBD0710956DFA /* ExpoModulesProvider.swift */ = {isa = PBXFileReference; includeInIndex = 1; lastKnownFileType = sourcecode.swift; name = ExpoModulesProvider.swift; path = "Pods/Target Support Files/Pods-Nuur/ExpoModulesProvider.swift"; sourceTree = "<group>"; };
		7E3C363BD1B7F482AF949739 /* libPods-Nuur.a */ = {isa = PBXFileReference; explicitFileType = archive.ar; includeInIndex = 0; path = "libPods-Nuur.a"; sourceTree = BUILT_PRODUCTS_DIR; };
		7FCEB0D931195B3E21EAC29B /* Pods-Nuur.release.xcconfig */ = {isa = PBXFileReference; includeInIndex = 1; lastKnownFileType = text.xcconfig; name = "Pods-Nuur.release.xcconfig"; path = "Target Support Files/Pods-Nuur/Pods-Nuur.release.xcconfig"; sourceTree = "<group>"; };
		A10000112FBF000100000001 /* adhan_makkah.wav */ = {isa = PBXFileReference; lastKnownFileType = audio.wav; name = adhan_makkah.wav; path = ../assets/sounds/adhan_makkah.wav; sourceTree = SOURCE_ROOT; };
		A10000122FBF000100000001 /* adhan_madinah.wav */ = {isa = PBXFileReference; lastKnownFileType = audio.wav; name = adhan_madinah.wav; path = ../assets/sounds/adhan_madinah.wav; sourceTree = SOURCE_ROOT; };
		A10000132FBF000100000001 /* adhan_afasy.wav */ = {isa = PBXFileReference; lastKnownFileType = audio.wav; name = adhan_afasy.wav; path = ../assets/sounds/adhan_afasy.wav; sourceTree = SOURCE_ROOT; };
		A10000142FBF000100000001 /* adhan_egyptian.wav */ = {isa = PBXFileReference; lastKnownFileType = audio.wav; name = adhan_egyptian.wav; path = ../assets/sounds/adhan_egyptian.wav; sourceTree = SOURCE_ROOT; };
		A10000152FBF000100000001 /* adhan_turkish.wav */ = {isa = PBXFileReference; lastKnownFileType = audio.wav; name = adhan_turkish.wav; path = ../assets/sounds/adhan_turkish.wav; sourceTree = SOURCE_ROOT; };
		AA286B85B6C04FC6940260E9 /* SplashScreen.storyboard */ = {isa = PBXFileReference; fileEncoding = 4; lastKnownFileType = file.storyboard; name = SplashScreen.storyboard; path = Nuur/SplashScreen.storyboard; sourceTree = "<group>"; };
		B844BE2B4BC089A80B3B7434 /* Pods-Nuur.debug.xcconfig */ = {isa = PBXFileReference; includeInIndex = 1; lastKnownFileType = text.xcconfig; name = "Pods-Nuur.debug.xcconfig"; path = "Target Support Files/Pods-Nuur/Pods-Nuur.debug.xcconfig"; sourceTree = "<group>"; };
		BB2F792C24A3F905000567C9 /* Expo.plist */ = {isa = PBXFileReference; fileEncoding = 4; lastKnownFileType = text.plist.xml; path = Expo.plist; sourceTree = "<group>"; };
		BDECD71BA54FA03C560738E8 /* Pods-Nuur.release.xcconfig */ = {isa = PBXFileReference; includeInIndex = 1; lastKnownFileType = text.xcconfig; name = "Pods-Nuur.release.xcconfig"; path = "Target Support Files/Pods-Nuur/Pods-Nuur.release.xcconfig"; sourceTree = "<group>"; };
		CCAC1F52D0AED1AE62CC1780 /* Pods-Nuur.debug.xcconfig */ = {isa = PBXFileReference; includeInIndex = 1; lastKnownFileType = text.xcconfig; name = "Pods-Nuur.debug.xcconfig"; path = "Target Support Files/Pods-Nuur/Pods-Nuur.debug.xcconfig"; sourceTree = "<group>"; };
		ED297162215061F000B7C4FE /* JavaScriptCore.framework */ = {isa = PBXFileReference; lastKnownFileType = wrapper.framework; name = JavaScriptCore.framework; path = System/Library/Frameworks/JavaScriptCore.framework; sourceTree = SDKROOT; };
		F11748412D0307B40044C1D9 /* AppDelegate.swift */ = {isa = PBXFileReference; lastKnownFileType = sourcecode.swift; name = AppDelegate.swift; path = Nuur/AppDelegate.swift; sourceTree = "<group>"; };
		F11748442D0722820044C1D9 /* Nuur-Bridging-Header.h */ = {isa = PBXFileReference; lastKnownFileType = sourcecode.c.h; name = "Nuur-Bridging-Header.h"; path = "Nuur/Nuur-Bridging-Header.h"; sourceTree = "<group>"; };
/* End PBXFileReference section */

/* Begin PBXFileSystemSynchronizedBuildFileExceptionSet section */
		1FCE29D02FAC57070093DD2E /* Exceptions for "NuurWidget" folder in "NuurWidgetExtension" target */ = {
			isa = PBXFileSystemSynchronizedBuildFileExceptionSet;
			membershipExceptions = (
				Info.plist,
				README.md,
			);
			target = 1FCE29B82FAC57060093DD2E /* NuurWidgetExtension */;
		};
		1FCE29F02FAC5C820093DD2E /* Exceptions for "NuurWidget" folder in "Nuur" target */ = {
			isa = PBXFileSystemSynchronizedBuildFileExceptionSet;
			membershipExceptions = (
				ArcMath.swift,
				CountdownText.swift,
				Glyphs.swift,
				LiveActivityCard.swift,
				NuurAttributes.swift,
				NuurState.swift,
				NuurTheme.swift,
				README.md,
				SkyBand.swift,
				SkyPalette.swift,
			);
			target = 13B07F861A680F5B00A75B9A /* Nuur */;
		};
/* End PBXFileSystemSynchronizedBuildFileExceptionSet section */

/* Begin PBXFileSystemSynchronizedRootGroup section */
		1FCE29BE2FAC57060093DD2E /* NuurWidget */ = {
			isa = PBXFileSystemSynchronizedRootGroup;
			exceptions = (
				1FCE29F02FAC5C820093DD2E /* Exceptions for "NuurWidget" folder in "Nuur" target */,
				1FCE29D02FAC57070093DD2E /* Exceptions for "NuurWidget" folder in "NuurWidgetExtension" target */,
			);
			explicitFileTypes = {
			};
			explicitFolders = (
			);
			path = NuurWidget;
			sourceTree = "<group>";
		};
/* End PBXFileSystemSynchronizedRootGroup section */

/* Begin PBXFrameworksBuildPhase section */
		13B07F8C1A680F5B00A75B9A /* Frameworks */ = {
			isa = PBXFrameworksBuildPhase;
			buildActionMask = 2147483647;
			files = (
				A8AD3D26A7F8248C3B851FAD /* libPods-Nuur.a in Frameworks */,
			);
			runOnlyForDeploymentPostprocessing = 0;
		};
		1FCE29B62FAC57060093DD2E /* Frameworks */ = {
			isa = PBXFrameworksBuildPhase;
			buildActionMask = 2147483647;
			files = (
				1FCE29BD2FAC57060093DD2E /* SwiftUI.framework in Frameworks */,
				1FCE29BB2FAC57060093DD2E /* WidgetKit.framework in Frameworks */,
			);
			runOnlyForDeploymentPostprocessing = 0;
		};
/* End PBXFrameworksBuildPhase section */

/* Begin PBXGroup section */
		0287F90266A4399106C8C9F1 /* ExpoModulesProviders */ = {
			isa = PBXGroup;
			children = (
				99240A3013D9D6F48A40406F /* Nuur */,
			);
			name = ExpoModulesProviders;
			sourceTree = "<group>";
		};
		13B07FAE1A68108700A75B9A /* Nuur */ = {
			isa = PBXGroup;
			children = (
				1FBB1B282FBF010000EBB921 /* AdhkarState.swift */,
				1FBB1B252FBEB42500EBB921 /* DailyTimetable.swift */,
				1FBB1B2B2FBF010000EBB921 /* VerseOfMoment.swift */,
				1FBB1B232FBEB3F900EBB921 /* NuurTimetableWidget.swift */,
				1F218B042FB690AA00E51C36 /* PrivacyInfo.xcprivacy */,
				1FCE29FD2FAE65770093DD2E /* NuurBridge.swift */,
				1FCE2A1A2FAE69E40093DD2E /* NuurBridge.m */,
				F11748412D0307B40044C1D9 /* AppDelegate.swift */,
				F11748442D0722820044C1D9 /* Nuur-Bridging-Header.h */,
				BB2F792B24A3F905000567C9 /* Supporting */,
				13B07FB51A68108700A75B9A /* Images.xcassets */,
				13B07FB61A68108700A75B9A /* Info.plist */,
				AA286B85B6C04FC6940260E9 /* SplashScreen.storyboard */,
				A10000112FBF000100000001 /* adhan_makkah.wav */,
				A10000122FBF000100000001 /* adhan_madinah.wav */,
				A10000132FBF000100000001 /* adhan_afasy.wav */,
				A10000142FBF000100000001 /* adhan_egyptian.wav */,
				A10000152FBF000100000001 /* adhan_turkish.wav */,
			);
			name = Nuur;
			sourceTree = "<group>";
		};
		2D16E6871FA4F8E400B85C8A /* Frameworks */ = {
			isa = PBXGroup;
			children = (
				ED297162215061F000B7C4FE /* JavaScriptCore.framework */,
				7E3C363BD1B7F482AF949739 /* libPods-Nuur.a */,
				1FCE29BA2FAC57060093DD2E /* WidgetKit.framework */,
				1FCE29BC2FAC57060093DD2E /* SwiftUI.framework */,
				A413FD96410A61442406B790 /* Pods */,
			);
			name = Frameworks;
			sourceTree = "<group>";
		};
		832341AE1AAA6A7D00B99B32 /* Libraries */ = {
			isa = PBXGroup;
			children = (
			);
			name = Libraries;
			sourceTree = "<group>";
		};
		83CBB9F61A601CBA00E9B192 = {
			isa = PBXGroup;
			children = (
				1FCE2A1C2FAE94DF0093DD2E /* NuurWidgetExtension.entitlements */,
				13B07FAE1A68108700A75B9A /* Nuur */,
				832341AE1AAA6A7D00B99B32 /* Libraries */,
				1FCE29BE2FAC57060093DD2E /* NuurWidget */,
				83CBBA001A601CBA00E9B192 /* Products */,
				2D16E6871FA4F8E400B85C8A /* Frameworks */,
				0287F90266A4399106C8C9F1 /* ExpoModulesProviders */,
				B4526D0D8B33865040F8CCBA /* Pods */,
			);
			indentWidth = 2;
			sourceTree = "<group>";
			tabWidth = 2;
			usesTabs = 0;
		};
		83CBBA001A601CBA00E9B192 /* Products */ = {
			isa = PBXGroup;
			children = (
				13B07F961A680F5B00A75B9A /* Nuur.app */,
				1FCE29B92FAC57060093DD2E /* NuurWidgetExtension.appex */,
			);
			name = Products;
			sourceTree = "<group>";
		};
		99240A3013D9D6F48A40406F /* Nuur */ = {
			isa = PBXGroup;
			children = (
				3CF9148998AEBD0710956DFA /* ExpoModulesProvider.swift */,
			);
			name = Nuur;
			sourceTree = "<group>";
		};
		A413FD96410A61442406B790 /* Pods */ = {
			isa = PBXGroup;
			children = (
				B844BE2B4BC089A80B3B7434 /* Pods-Nuur.debug.xcconfig */,
				BDECD71BA54FA03C560738E8 /* Pods-Nuur.release.xcconfig */,
			);
			path = Pods;
			sourceTree = "<group>";
		};
		B4526D0D8B33865040F8CCBA /* Pods */ = {
			isa = PBXGroup;
			children = (
				CCAC1F52D0AED1AE62CC1780 /* Pods-Nuur.debug.xcconfig */,
				7FCEB0D931195B3E21EAC29B /* Pods-Nuur.release.xcconfig */,
			);
			path = Pods;
			sourceTree = "<group>";
		};
		BB2F792B24A3F905000567C9 /* Supporting */ = {
			isa = PBXGroup;
			children = (
				BB2F792C24A3F905000567C9 /* Expo.plist */,
			);
			name = Supporting;
			path = Nuur/Supporting;
			sourceTree = "<group>";
		};
/* End PBXGroup section */

/* Begin PBXNativeTarget section */
		13B07F861A680F5B00A75B9A /* Nuur */ = {
			isa = PBXNativeTarget;
			buildConfigurationList = 13B07F931A680F5B00A75B9A /* Build configuration list for PBXNativeTarget "Nuur" */;
			buildPhases = (
				08A4A3CD28434E44B6B9DE2E /* [CP] Check Pods Manifest.lock */,
				A03F947CF87F957C49696111 /* [Expo] Configure project */,
				13B07F871A680F5B00A75B9A /* Sources */,
				13B07F8C1A680F5B00A75B9A /* Frameworks */,
				13B07F8E1A680F5B00A75B9A /* Resources */,
				00DD1BFF1BD5951E006B06BC /* Bundle React Native code and images */,
				800E24972A6A228C8D4807E9 /* [CP] Copy Pods Resources */,
				75A2F9F363DAF156DD28D200 /* [CP] Embed Pods Frameworks */,
				1FCE29CD2FAC57070093DD2E /* Embed Foundation Extensions */,
			);
			buildRules = (
			);
			dependencies = (
				1FCE29CB2FAC57070093DD2E /* PBXTargetDependency */,
			);
			name = Nuur;
			productName = Nuur;
			productReference = 13B07F961A680F5B00A75B9A /* Nuur.app */;
			productType = "com.apple.product-type.application";
		};
		1FCE29B82FAC57060093DD2E /* NuurWidgetExtension */ = {
			isa = PBXNativeTarget;
			buildConfigurationList = 1FCE29D12FAC57070093DD2E /* Build configuration list for PBXNativeTarget "NuurWidgetExtension" */;
			buildPhases = (
				1FCE29B52FAC57060093DD2E /* Sources */,
				1FCE29B62FAC57060093DD2E /* Frameworks */,
				1FCE29B72FAC57060093DD2E /* Resources */,
			);
			buildRules = (
			);
			dependencies = (
			);
			fileSystemSynchronizedGroups = (
				1FCE29BE2FAC57060093DD2E /* NuurWidget */,
			);
			name = NuurWidgetExtension;
			productName = NuurWidgetExtension;
			productReference = 1FCE29B92FAC57060093DD2E /* NuurWidgetExtension.appex */;
			productType = "com.apple.product-type.app-extension";
		};
/* End PBXNativeTarget section */

/* Begin PBXProject section */
		83CBB9F71A601CBA00E9B192 /* Project object */ = {
			isa = PBXProject;
			attributes = {
				LastSwiftUpdateCheck = 2640;
				LastUpgradeCheck = 1130;
				TargetAttributes = {
					13B07F861A680F5B00A75B9A = {
						LastSwiftMigration = 1250;
					};
					1FCE29B82FAC57060093DD2E = {
						CreatedOnToolsVersion = 26.4.1;
					};
				};
			};
			buildConfigurationList = 83CBB9FA1A601CBA00E9B192 /* Build configuration list for PBXProject "Nuur" */;
			compatibilityVersion = "Xcode 3.2";
			developmentRegion = en;
			hasScannedForEncodings = 0;
			knownRegions = (
				en,
				Base,
			);
			mainGroup = 83CBB9F61A601CBA00E9B192;
			productRefGroup = 83CBBA001A601CBA00E9B192 /* Products */;
			projectDirPath = "";
			projectRoot = "";
			targets = (
				13B07F861A680F5B00A75B9A /* Nuur */,
				1FCE29B82FAC57060093DD2E /* NuurWidgetExtension */,
			);
		};
/* End PBXProject section */

/* Begin PBXResourcesBuildPhase section */
		13B07F8E1A680F5B00A75B9A /* Resources */ = {
			isa = PBXResourcesBuildPhase;
			buildActionMask = 2147483647;
			files = (
				BB2F792D24A3F905000567C9 /* Expo.plist in Resources */,
				13B07FBF1A68108700A75B9A /* Images.xcassets in Resources */,
				3E461D99554A48A4959DE609 /* SplashScreen.storyboard in Resources */,
				A10000012FBF000100000001 /* adhan_makkah.wav in Resources */,
				A10000022FBF000100000001 /* adhan_madinah.wav in Resources */,
				A10000032FBF000100000001 /* adhan_afasy.wav in Resources */,
				A10000042FBF000100000001 /* adhan_egyptian.wav in Resources */,
				A10000052FBF000100000001 /* adhan_turkish.wav in Resources */,
				1F218B052FB690AA00E51C36 /* PrivacyInfo.xcprivacy in Resources */,
			);
			runOnlyForDeploymentPostprocessing = 0;
		};
		1FCE29B72FAC57060093DD2E /* Resources */ = {
			isa = PBXResourcesBuildPhase;
			buildActionMask = 2147483647;
			files = (
			);
			runOnlyForDeploymentPostprocessing = 0;
		};
/* End PBXResourcesBuildPhase section */

/* Begin PBXShellScriptBuildPhase section */
		00DD1BFF1BD5951E006B06BC /* Bundle React Native code and images */ = {
			isa = PBXShellScriptBuildPhase;
			alwaysOutOfDate = 1;
			buildActionMask = 2147483647;
			files = (
			);
			inputPaths = (
				"$(SRCROOT)/.xcode.env",
				"$(SRCROOT)/.xcode.env.local",
			);
			name = "Bundle React Native code and images";
			outputPaths = (
			);
			runOnlyForDeploymentPostprocessing = 0;
			shellPath = /bin/sh;
			shellScript = "if [[ -f \"$PODS_ROOT/../.xcode.env\" ]]; then\n  source \"$PODS_ROOT/../.xcode.env\"\nfi\nif [[ -f \"$PODS_ROOT/../.xcode.env.local\" ]]; then\n  source \"$PODS_ROOT/../.xcode.env.local\"\nfi\n\n# The project root by default is one level up from the ios directory\nexport PROJECT_ROOT=\"$PROJECT_DIR\"/..\n\nif [[ \"$CONFIGURATION\" = *Debug* ]]; then\n  export SKIP_BUNDLING=1\nfi\nif [[ -z \"$ENTRY_FILE\" ]]; then\n  # Set the entry JS file using the bundler's entry resolution.\n  export ENTRY_FILE=\"$(\"$NODE_BINARY\" -e \"require('expo/scripts/resolveAppEntry')\" \"$PROJECT_ROOT\" ios absolute | tail -n 1)\"\nfi\n\nif [[ -z \"$CLI_PATH\" ]]; then\n  # Use Expo CLI\n  export CLI_PATH=\"$(\"$NODE_BINARY\" --print \"require.resolve('@expo/cli', { paths: [require.resolve('expo/package.json')] })\")\"\nfi\nif [[ -z \"$BUNDLE_COMMAND\" ]]; then\n  # Default Expo CLI command for bundling\n  export BUNDLE_COMMAND=\"export:embed\"\nfi\n\n# Source .xcode.env.updates if it exists to allow\n# SKIP_BUNDLING to be unset if needed\nif [[ -f \"$PODS_ROOT/../.xcode.env.updates\" ]]; then\n  source \"$PODS_ROOT/../.xcode.env.updates\"\nfi\n# Source local changes to allow overrides\n# if needed\nif [[ -f \"$PODS_ROOT/../.xcode.env.local\" ]]; then\n  source \"$PODS_ROOT/../.xcode.env.local\"\nfi\n\n`\"$NODE_BINARY\" --print \"require('path').dirname(require.resolve('react-native/package.json')) + '/scripts/react-native-xcode.sh'\"`\n\n";
		};
		08A4A3CD28434E44B6B9DE2E /* [CP] Check Pods Manifest.lock */ = {
			isa = PBXShellScriptBuildPhase;
			buildActionMask = 2147483647;
			files = (
			);
			inputFileListPaths = (
			);
			inputPaths = (
				"${PODS_PODFILE_DIR_PATH}/Podfile.lock",
				"${PODS_ROOT}/Manifest.lock",
			);
			name = "[CP] Check Pods Manifest.lock";
			outputFileListPaths = (
			);
			outputPaths = (
				"$(DERIVED_FILE_DIR)/Pods-Nuur-checkManifestLockResult.txt",
			);
			runOnlyForDeploymentPostprocessing = 0;
			shellPath = /bin/sh;
			shellScript = "diff \"${PODS_PODFILE_DIR_PATH}/Podfile.lock\" \"${PODS_ROOT}/Manifest.lock\" > /dev/null\nif [ $? != 0 ] ; then\n    # print error to STDERR\n    echo \"error: The sandbox is not in sync with the Podfile.lock. Run 'pod install' or update your CocoaPods installation.\" >&2\n    exit 1\nfi\n# This output is used by Xcode 'outputs' to avoid re-running this script phase.\necho \"SUCCESS\" > \"${SCRIPT_OUTPUT_FILE_0}\"\n";
			showEnvVarsInLog = 0;
		};
		75A2F9F363DAF156DD28D200 /* [CP] Embed Pods Frameworks */ = {
			isa = PBXShellScriptBuildPhase;
			buildActionMask = 2147483647;
			files = (
			);
			inputPaths = (
				"${PODS_ROOT}/Target Support Files/Pods-Nuur/Pods-Nuur-frameworks.sh",
				"${PODS_XCFRAMEWORKS_BUILD_DIR}/React-Core-prebuilt/React.framework/React",
				"${PODS_XCFRAMEWORKS_BUILD_DIR}/ReactNativeDependencies/ReactNativeDependencies.framework/ReactNativeDependencies",
				"${PODS_XCFRAMEWORKS_BUILD_DIR}/hermes-engine/Pre-built/hermes.framework/hermes",
			);
			name = "[CP] Embed Pods Frameworks";
			outputPaths = (
				"${TARGET_BUILD_DIR}/${FRAMEWORKS_FOLDER_PATH}/React.framework",
				"${TARGET_BUILD_DIR}/${FRAMEWORKS_FOLDER_PATH}/ReactNativeDependencies.framework",
				"${TARGET_BUILD_DIR}/${FRAMEWORKS_FOLDER_PATH}/hermes.framework",
			);
			runOnlyForDeploymentPostprocessing = 0;
			shellPath = /bin/sh;
			shellScript = "\"${PODS_ROOT}/Target Support Files/Pods-Nuur/Pods-Nuur-frameworks.sh\"\n";
			showEnvVarsInLog = 0;
		};
		800E24972A6A228C8D4807E9 /* [CP] Copy Pods Resources */ = {
			isa = PBXShellScriptBuildPhase;
			buildActionMask = 2147483647;
			files = (
			);
			inputPaths = (
				"${PODS_ROOT}/Target Support Files/Pods-Nuur/Pods-Nuur-resources.sh",
				"${PODS_CONFIGURATION_BUILD_DIR}/EXApplication/ExpoApplication_privacy.bundle",
				"${PODS_CONFIGURATION_BUILD_DIR}/EXConstants/EXConstants.bundle",
				"${PODS_CONFIGURATION_BUILD_DIR}/EXConstants/ExpoConstants_privacy.bundle",
				"${PODS_CONFIGURATION_BUILD_DIR}/EXNotifications/ExpoNotifications_privacy.bundle",
				"${PODS_CONFIGURATION_BUILD_DIR}/EXTaskManager/ExpoTaskManager_privacy.bundle",
				"${PODS_CONFIGURATION_BUILD_DIR}/ExpoFileSystem/ExpoFileSystem_privacy.bundle",
				"${PODS_CONFIGURATION_BUILD_DIR}/ExpoMediaLibrary/ExpoMediaLibrary_privacy.bundle",
				"${PODS_CONFIGURATION_BUILD_DIR}/ExpoSystemUI/ExpoSystemUI_privacy.bundle",
				"${PODS_CONFIGURATION_BUILD_DIR}/PurchasesHybridCommon/PurchasesHybridCommon.bundle",
				"${PODS_CONFIGURATION_BUILD_DIR}/RNCAsyncStorage/RNCAsyncStorage_resources.bundle",
				"${PODS_CONFIGURATION_BUILD_DIR}/RNSVG/RNSVGFilters.bundle",
				"${PODS_CONFIGURATION_BUILD_DIR}/React-Core/React-Core_privacy.bundle",
				"${PODS_CONFIGURATION_BUILD_DIR}/React-cxxreact/React-cxxreact_privacy.bundle",
				"${PODS_CONFIGURATION_BUILD_DIR}/RevenueCat/RevenueCat.bundle",
				"${PODS_CONFIGURATION_BUILD_DIR}/SDWebImage/SDWebImage.bundle",
				"${PODS_CONFIGURATION_BUILD_DIR}/react-native-maps/ReactNativeMapsPrivacy.bundle",
			);
			name = "[CP] Copy Pods Resources";
			outputPaths = (
				"${TARGET_BUILD_DIR}/${UNLOCALIZED_RESOURCES_FOLDER_PATH}/ExpoApplication_privacy.bundle",
				"${TARGET_BUILD_DIR}/${UNLOCALIZED_RESOURCES_FOLDER_PATH}/EXConstants.bundle",
				"${TARGET_BUILD_DIR}/${UNLOCALIZED_RESOURCES_FOLDER_PATH}/ExpoConstants_privacy.bundle",
				"${TARGET_BUILD_DIR}/${UNLOCALIZED_RESOURCES_FOLDER_PATH}/ExpoNotifications_privacy.bundle",
				"${TARGET_BUILD_DIR}/${UNLOCALIZED_RESOURCES_FOLDER_PATH}/ExpoTaskManager_privacy.bundle",
				"${TARGET_BUILD_DIR}/${UNLOCALIZED_RESOURCES_FOLDER_PATH}/ExpoFileSystem_privacy.bundle",
				"${TARGET_BUILD_DIR}/${UNLOCALIZED_RESOURCES_FOLDER_PATH}/ExpoMediaLibrary_privacy.bundle",
				"${TARGET_BUILD_DIR}/${UNLOCALIZED_RESOURCES_FOLDER_PATH}/ExpoSystemUI_privacy.bundle",
				"${TARGET_BUILD_DIR}/${UNLOCALIZED_RESOURCES_FOLDER_PATH}/PurchasesHybridCommon.bundle",
				"${TARGET_BUILD_DIR}/${UNLOCALIZED_RESOURCES_FOLDER_PATH}/RNCAsyncStorage_resources.bundle",
				"${TARGET_BUILD_DIR}/${UNLOCALIZED_RESOURCES_FOLDER_PATH}/RNSVGFilters.bundle",
				"${TARGET_BUILD_DIR}/${UNLOCALIZED_RESOURCES_FOLDER_PATH}/React-Core_privacy.bundle",
				"${TARGET_BUILD_DIR}/${UNLOCALIZED_RESOURCES_FOLDER_PATH}/React-cxxreact_privacy.bundle",
				"${TARGET_BUILD_DIR}/${UNLOCALIZED_RESOURCES_FOLDER_PATH}/RevenueCat.bundle",
				"${TARGET_BUILD_DIR}/${UNLOCALIZED_RESOURCES_FOLDER_PATH}/SDWebImage.bundle",
				"${TARGET_BUILD_DIR}/${UNLOCALIZED_RESOURCES_FOLDER_PATH}/ReactNativeMapsPrivacy.bundle",
			);
			runOnlyForDeploymentPostprocessing = 0;
			shellPath = /bin/sh;
			shellScript = "\"${PODS_ROOT}/Target Support Files/Pods-Nuur/Pods-Nuur-resources.sh\"\n";
			showEnvVarsInLog = 0;
		};
		A03F947CF87F957C49696111 /* [Expo] Configure project */ = {
			isa = PBXShellScriptBuildPhase;
			alwaysOutOfDate = 1;
			buildActionMask = 2147483647;
			files = (
			);
			inputFileListPaths = (
			);
			inputPaths = (
				"$(SRCROOT)/.xcode.env",
				"$(SRCROOT)/.xcode.env.local",
				"$(SRCROOT)/Nuur/Nuur.entitlements",
				"$(SRCROOT)/Pods/Target Support Files/Pods-Nuur/expo-configure-project.sh",
			);
			name = "[Expo] Configure project";
			outputFileListPaths = (
			);
			outputPaths = (
				"$(SRCROOT)/Pods/Target Support Files/Pods-Nuur/ExpoModulesProvider.swift",
			);
			runOnlyForDeploymentPostprocessing = 0;
			shellPath = /bin/sh;
			shellScript = "# This script configures Expo modules and generates the modules provider file.\nbash -l -c \"./Pods/Target\\ Support\\ Files/Pods-Nuur/expo-configure-project.sh\"\n";
		};
/* End PBXShellScriptBuildPhase section */

/* Begin PBXSourcesBuildPhase section */
		13B07F871A680F5B00A75B9A /* Sources */ = {
			isa = PBXSourcesBuildPhase;
			buildActionMask = 2147483647;
			files = (
				1FCE2A1B2FAE69E40093DD2E /* NuurBridge.m in Sources */,
				F11748422D0307B40044C1D9 /* AppDelegate.swift in Sources */,
				E26FD8A50E7179B467965E4B /* ExpoModulesProvider.swift in Sources */,
				1FCE29FF2FAE65770093DD2E /* NuurBridge.swift in Sources */,
				1FBB1B292FBF010000EBB921 /* AdhkarState.swift in Sources */,
				1FBB1B2C2FBF010000EBB921 /* VerseOfMoment.swift in Sources */,
				1FBB1B272FBEB42500EBB921 /* DailyTimetable.swift in Sources */,
			);
			runOnlyForDeploymentPostprocessing = 0;
		};
		1FCE29B52FAC57060093DD2E /* Sources */ = {
			isa = PBXSourcesBuildPhase;
			buildActionMask = 2147483647;
			files = (
				1FBB1B242FBEB3F900EBB921 /* NuurTimetableWidget.swift in Sources */,
				1FBB1B2A2FBF010000EBB921 /* AdhkarState.swift in Sources */,
				1FBB1B262FBEB42500EBB921 /* DailyTimetable.swift in Sources */,
			);
			runOnlyForDeploymentPostprocessing = 0;
		};
/* End PBXSourcesBuildPhase section */

/* Begin PBXTargetDependency section */
		1FCE29CB2FAC57070093DD2E /* PBXTargetDependency */ = {
			isa = PBXTargetDependency;
			target = 1FCE29B82FAC57060093DD2E /* NuurWidgetExtension */;
			targetProxy = 1FCE29CA2FAC57070093DD2E /* PBXContainerItemProxy */;
		};
/* End PBXTargetDependency section */

/* Begin XCBuildConfiguration section */
		13B07F941A680F5B00A75B9A /* Debug */ = {
			isa = XCBuildConfiguration;
			baseConfigurationReference = B844BE2B4BC089A80B3B7434 /* Pods-Nuur.debug.xcconfig */;
			buildSettings = {
				ASSETCATALOG_COMPILER_APPICON_NAME = AppIcon;
				CLANG_ENABLE_MODULES = YES;
				CODE_SIGN_ENTITLEMENTS = Nuur/Nuur.entitlements;
				CURRENT_PROJECT_VERSION = 1;
				DEVELOPMENT_TEAM = FFD8LPJSCS;
				ENABLE_BITCODE = NO;
				GCC_PREPROCESSOR_DEFINITIONS = (
					"$(inherited)",
					"FB_SONARKIT_ENABLED=1",
				);
				INFOPLIST_FILE = Nuur/Info.plist;
				IPHONEOS_DEPLOYMENT_TARGET = 16.2;
				LD_RUNPATH_SEARCH_PATHS = (
					"$(inherited)",
					"@executable_path/Frameworks",
				);
				MARKETING_VERSION = 1.0.0;
				OTHER_LDFLAGS = (
					"$(inherited)",
					"-ObjC",
					"-lc++",
				);
				OTHER_SWIFT_FLAGS = "$(inherited) -D EXPO_CONFIGURATION_DEBUG";
				PRODUCT_BUNDLE_IDENTIFIER = com.nuur.islamicprayer;
				PRODUCT_NAME = Nuur;
				SWIFT_OBJC_BRIDGING_HEADER = "Nuur/Nuur-Bridging-Header.h";
				SWIFT_OPTIMIZATION_LEVEL = "-Onone";
				SWIFT_VERSION = 5.0;
				TARGETED_DEVICE_FAMILY = 1;
				VERSIONING_SYSTEM = "apple-generic";
			};
			name = Debug;
		};
		13B07F951A680F5B00A75B9A /* Release */ = {
			isa = XCBuildConfiguration;
			baseConfigurationReference = BDECD71BA54FA03C560738E8 /* Pods-Nuur.release.xcconfig */;
			buildSettings = {
				ASSETCATALOG_COMPILER_APPICON_NAME = AppIcon;
				CLANG_ENABLE_MODULES = YES;
				CODE_SIGN_ENTITLEMENTS = Nuur/Nuur.entitlements;
				CURRENT_PROJECT_VERSION = 1;
				DEVELOPMENT_TEAM = FFD8LPJSCS;
				INFOPLIST_FILE = Nuur/Info.plist;
				IPHONEOS_DEPLOYMENT_TARGET = 16.2;
				LD_RUNPATH_SEARCH_PATHS = (
					"$(inherited)",
					"@executable_path/Frameworks",
				);
				MARKETING_VERSION = 1.0.0;
				OTHER_LDFLAGS = (
					"$(inherited)",
					"-ObjC",
					"-lc++",
				);
				OTHER_SWIFT_FLAGS = "$(inherited) -D EXPO_CONFIGURATION_RELEASE";
				PRODUCT_BUNDLE_IDENTIFIER = com.nuur.islamicprayer;
				PRODUCT_NAME = Nuur;
				SWIFT_OBJC_BRIDGING_HEADER = "Nuur/Nuur-Bridging-Header.h";
				SWIFT_VERSION = 5.0;
				TARGETED_DEVICE_FAMILY = 1;
				VERSIONING_SYSTEM = "apple-generic";
			};
			name = Release;
		};
		1FCE29CE2FAC57070093DD2E /* Debug */ = {
			isa = XCBuildConfiguration;
			buildSettings = {
				ASSETCATALOG_COMPILER_GENERATE_SWIFT_ASSET_SYMBOL_EXTENSIONS = YES;
				ASSETCATALOG_COMPILER_GLOBAL_ACCENT_COLOR_NAME = AccentColor;
				ASSETCATALOG_COMPILER_WIDGET_BACKGROUND_COLOR_NAME = WidgetBackground;
				CLANG_ANALYZER_NONNULL = YES;
				CLANG_ANALYZER_NUMBER_OBJECT_CONVERSION = YES_AGGRESSIVE;
				CLANG_CXX_LANGUAGE_STANDARD = "gnu++20";
				CLANG_ENABLE_OBJC_WEAK = YES;
				CLANG_WARN_DOCUMENTATION_COMMENTS = YES;
				CLANG_WARN_QUOTED_INCLUDE_IN_FRAMEWORK_HEADER = YES;
				CLANG_WARN_UNGUARDED_AVAILABILITY = YES_AGGRESSIVE;
				CODE_SIGN_ENTITLEMENTS = NuurWidgetExtension.entitlements;
				CODE_SIGN_STYLE = Automatic;
				CURRENT_PROJECT_VERSION = 1;
				DEBUG_INFORMATION_FORMAT = dwarf;
				DEVELOPMENT_TEAM = FFD8LPJSCS;
				ENABLE_USER_SCRIPT_SANDBOXING = YES;
				GCC_C_LANGUAGE_STANDARD = gnu17;
				GENERATE_INFOPLIST_FILE = YES;
				INFOPLIST_FILE = NuurWidget/Info.plist;
				INFOPLIST_KEY_CFBundleDisplayName = NuurWidget;
				INFOPLIST_KEY_NSHumanReadableCopyright = "";
				IPHONEOS_DEPLOYMENT_TARGET = 17.0;
				LD_RUNPATH_SEARCH_PATHS = (
					"$(inherited)",
					"@executable_path/Frameworks",
					"@executable_path/../../Frameworks",
				);
				LOCALIZATION_PREFERS_STRING_CATALOGS = YES;
				MARKETING_VERSION = 1.0.0;
				MTL_ENABLE_DEBUG_INFO = INCLUDE_SOURCE;
				MTL_FAST_MATH = YES;
				OTHER_SWIFT_FLAGS = "$(inherited) -D EXPO_CONFIGURATION_DEBUG";
				PRODUCT_BUNDLE_IDENTIFIER = com.nuur.islamicprayer.NuurWidget;
				PRODUCT_NAME = "$(TARGET_NAME)";
				SKIP_INSTALL = YES;
				STRING_CATALOG_GENERATE_SYMBOLS = YES;
				SWIFT_ACTIVE_COMPILATION_CONDITIONS = "DEBUG $(inherited)";
				SWIFT_APPROACHABLE_CONCURRENCY = YES;
				SWIFT_EMIT_LOC_STRINGS = YES;
				SWIFT_OPTIMIZATION_LEVEL = "-Onone";
				SWIFT_UPCOMING_FEATURE_MEMBER_IMPORT_VISIBILITY = YES;
				SWIFT_VERSION = 5.0;
				TARGETED_DEVICE_FAMILY = "1,2";
			};
			name = Debug;
		};
		1FCE29CF2FAC57070093DD2E /* Release */ = {
			isa = XCBuildConfiguration;
			buildSettings = {
				ASSETCATALOG_COMPILER_GENERATE_SWIFT_ASSET_SYMBOL_EXTENSIONS = YES;
				ASSETCATALOG_COMPILER_GLOBAL_ACCENT_COLOR_NAME = AccentColor;
				ASSETCATALOG_COMPILER_WIDGET_BACKGROUND_COLOR_NAME = WidgetBackground;
				CLANG_ANALYZER_NONNULL = YES;
				CLANG_ANALYZER_NUMBER_OBJECT_CONVERSION = YES_AGGRESSIVE;
				CLANG_CXX_LANGUAGE_STANDARD = "gnu++20";
				CLANG_ENABLE_OBJC_WEAK = YES;
				CLANG_WARN_DOCUMENTATION_COMMENTS = YES;
				CLANG_WARN_QUOTED_INCLUDE_IN_FRAMEWORK_HEADER = YES;
				CLANG_WARN_UNGUARDED_AVAILABILITY = YES_AGGRESSIVE;
				CODE_SIGN_ENTITLEMENTS = NuurWidgetExtension.entitlements;
				CODE_SIGN_STYLE = Automatic;
				COPY_PHASE_STRIP = NO;
				CURRENT_PROJECT_VERSION = 1;
				DEBUG_INFORMATION_FORMAT = "dwarf-with-dsym";
				DEVELOPMENT_TEAM = FFD8LPJSCS;
				ENABLE_USER_SCRIPT_SANDBOXING = YES;
				GCC_C_LANGUAGE_STANDARD = gnu17;
				GENERATE_INFOPLIST_FILE = YES;
				INFOPLIST_FILE = NuurWidget/Info.plist;
				INFOPLIST_KEY_CFBundleDisplayName = NuurWidget;
				INFOPLIST_KEY_NSHumanReadableCopyright = "";
				IPHONEOS_DEPLOYMENT_TARGET = 17.0;
				LD_RUNPATH_SEARCH_PATHS = (
					"$(inherited)",
					"@executable_path/Frameworks",
					"@executable_path/../../Frameworks",
				);
				LOCALIZATION_PREFERS_STRING_CATALOGS = YES;
				MARKETING_VERSION = 1.0.0;
				MTL_FAST_MATH = YES;
				OTHER_SWIFT_FLAGS = "$(inherited) -D EXPO_CONFIGURATION_RELEASE";
				PRODUCT_BUNDLE_IDENTIFIER = com.nuur.islamicprayer.NuurWidget;
				PRODUCT_NAME = "$(TARGET_NAME)";
				SKIP_INSTALL = YES;
				STRING_CATALOG_GENERATE_SYMBOLS = YES;
				SWIFT_APPROACHABLE_CONCURRENCY = YES;
				SWIFT_COMPILATION_MODE = wholemodule;
				SWIFT_EMIT_LOC_STRINGS = YES;
				SWIFT_UPCOMING_FEATURE_MEMBER_IMPORT_VISIBILITY = YES;
				SWIFT_VERSION = 5.0;
				TARGETED_DEVICE_FAMILY = "1,2";
			};
			name = Release;
		};
		83CBBA201A601CBA00E9B192 /* Debug */ = {
			isa = XCBuildConfiguration;
			buildSettings = {
				ALWAYS_SEARCH_USER_PATHS = NO;
				CLANG_ANALYZER_LOCALIZABILITY_NONLOCALIZED = YES;
				CLANG_CXX_LANGUAGE_STANDARD = "c++20";
				CLANG_CXX_LIBRARY = "libc++";
				CLANG_ENABLE_MODULES = YES;
				CLANG_ENABLE_OBJC_ARC = YES;
				CLANG_WARN_BLOCK_CAPTURE_AUTORELEASING = YES;
				CLANG_WARN_BOOL_CONVERSION = YES;
				CLANG_WARN_COMMA = YES;
				CLANG_WARN_CONSTANT_CONVERSION = YES;
				CLANG_WARN_DEPRECATED_OBJC_IMPLEMENTATIONS = YES;
				CLANG_WARN_DIRECT_OBJC_ISA_USAGE = YES_ERROR;
				CLANG_WARN_EMPTY_BODY = YES;
				CLANG_WARN_ENUM_CONVERSION = YES;
				CLANG_WARN_INFINITE_RECURSION = YES;
				CLANG_WARN_INT_CONVERSION = YES;
				CLANG_WARN_NON_LITERAL_NULL_CONVERSION = YES;
				CLANG_WARN_OBJC_IMPLICIT_RETAIN_SELF = YES;
				CLANG_WARN_OBJC_LITERAL_CONVERSION = YES;
				CLANG_WARN_OBJC_ROOT_CLASS = YES_ERROR;
				CLANG_WARN_RANGE_LOOP_ANALYSIS = YES;
				CLANG_WARN_STRICT_PROTOTYPES = YES;
				CLANG_WARN_SUSPICIOUS_MOVE = YES;
				CLANG_WARN_UNREACHABLE_CODE = YES;
				CLANG_WARN__DUPLICATE_METHOD_MATCH = YES;
				"CODE_SIGN_IDENTITY[sdk=iphoneos*]" = "iPhone Developer";
				COPY_PHASE_STRIP = NO;
				ENABLE_STRICT_OBJC_MSGSEND = YES;
				ENABLE_TESTABILITY = YES;
				GCC_C_LANGUAGE_STANDARD = gnu99;
				GCC_DYNAMIC_NO_PIC = NO;
				GCC_NO_COMMON_BLOCKS = YES;
				GCC_OPTIMIZATION_LEVEL = 0;
				GCC_PREPROCESSOR_DEFINITIONS = (
					"DEBUG=1",
					"$(inherited)",
				);
				GCC_SYMBOLS_PRIVATE_EXTERN = NO;
				GCC_WARN_64_TO_32_BIT_CONVERSION = YES;
				GCC_WARN_ABOUT_RETURN_TYPE = YES_ERROR;
				GCC_WARN_UNDECLARED_SELECTOR = YES;
				GCC_WARN_UNINITIALIZED_AUTOS = YES_AGGRESSIVE;
				GCC_WARN_UNUSED_FUNCTION = YES;
				GCC_WARN_UNUSED_VARIABLE = YES;
				IPHONEOS_DEPLOYMENT_TARGET = 15.1;
				LD_RUNPATH_SEARCH_PATHS = (
					/usr/lib/swift,
					"$(inherited)",
				);
				LIBRARY_SEARCH_PATHS = "$(SDKROOT)/usr/lib/swift\"$(inherited)\"";
				MTL_ENABLE_DEBUG_INFO = YES;
				ONLY_ACTIVE_ARCH = YES;
				REACT_NATIVE_PATH = "${PODS_ROOT}/../../../../node_modules/.pnpm/react-native@0.81.5_@babel+core@7.29.0_@types+react@19.1.17_react@19.1.0/node_modules/react-native";
				SDKROOT = iphoneos;
				SWIFT_ACTIVE_COMPILATION_CONDITIONS = "$(inherited) DEBUG";
				SWIFT_ENABLE_EXPLICIT_MODULES = NO;
				USE_HERMES = true;
			};
			name = Debug;
		};
		83CBBA211A601CBA00E9B192 /* Release */ = {
			isa = XCBuildConfiguration;
			buildSettings = {
				ALWAYS_SEARCH_USER_PATHS = NO;
				CLANG_ANALYZER_LOCALIZABILITY_NONLOCALIZED = YES;
				CLANG_CXX_LANGUAGE_STANDARD = "c++20";
				CLANG_CXX_LIBRARY = "libc++";
				CLANG_ENABLE_MODULES = YES;
				CLANG_ENABLE_OBJC_ARC = YES;
				CLANG_WARN_BLOCK_CAPTURE_AUTORELEASING = YES;
				CLANG_WARN_BOOL_CONVERSION = YES;
				CLANG_WARN_COMMA = YES;
				CLANG_WARN_CONSTANT_CONVERSION = YES;
				CLANG_WARN_DEPRECATED_OBJC_IMPLEMENTATIONS = YES;
				CLANG_WARN_DIRECT_OBJC_ISA_USAGE = YES_ERROR;
				CLANG_WARN_EMPTY_BODY = YES;
				CLANG_WARN_ENUM_CONVERSION = YES;
				CLANG_WARN_INFINITE_RECURSION = YES;
				CLANG_WARN_INT_CONVERSION = YES;
				CLANG_WARN_NON_LITERAL_NULL_CONVERSION = YES;
				CLANG_WARN_OBJC_IMPLICIT_RETAIN_SELF = YES;
				CLANG_WARN_OBJC_LITERAL_CONVERSION = YES;
				CLANG_WARN_OBJC_ROOT_CLASS = YES_ERROR;
				CLANG_WARN_RANGE_LOOP_ANALYSIS = YES;
				CLANG_WARN_STRICT_PROTOTYPES = YES;
				CLANG_WARN_SUSPICIOUS_MOVE = YES;
				CLANG_WARN_UNREACHABLE_CODE = YES;
				CLANG_WARN__DUPLICATE_METHOD_MATCH = YES;
				"CODE_SIGN_IDENTITY[sdk=iphoneos*]" = "iPhone Developer";
				COPY_PHASE_STRIP = YES;
				ENABLE_NS_ASSERTIONS = NO;
				ENABLE_STRICT_OBJC_MSGSEND = YES;
				GCC_C_LANGUAGE_STANDARD = gnu99;
				GCC_NO_COMMON_BLOCKS = YES;
				GCC_WARN_64_TO_32_BIT_CONVERSION = YES;
				GCC_WARN_ABOUT_RETURN_TYPE = YES_ERROR;
				GCC_WARN_UNDECLARED_SELECTOR = YES;
				GCC_WARN_UNINITIALIZED_AUTOS = YES_AGGRESSIVE;
				GCC_WARN_UNUSED_FUNCTION = YES;
				GCC_WARN_UNUSED_VARIABLE = YES;
				IPHONEOS_DEPLOYMENT_TARGET = 15.1;
				LD_RUNPATH_SEARCH_PATHS = (
					/usr/lib/swift,
					"$(inherited)",
				);
				LIBRARY_SEARCH_PATHS = "$(SDKROOT)/usr/lib/swift\"$(inherited)\"";
				MTL_ENABLE_DEBUG_INFO = NO;
				REACT_NATIVE_PATH = "${PODS_ROOT}/../../../../node_modules/.pnpm/react-native@0.81.5_@babel+core@7.29.0_@types+react@19.1.17_react@19.1.0/node_modules/react-native";
				SDKROOT = iphoneos;
				SWIFT_ENABLE_EXPLICIT_MODULES = NO;
				USE_HERMES = true;
				VALIDATE_PRODUCT = YES;
			};
			name = Release;
		};
/* End XCBuildConfiguration section */

/* Begin XCConfigurationList section */
		13B07F931A680F5B00A75B9A /* Build configuration list for PBXNativeTarget "Nuur" */ = {
			isa = XCConfigurationList;
			buildConfigurations = (
				13B07F941A680F5B00A75B9A /* Debug */,
				13B07F951A680F5B00A75B9A /* Release */,
			);
			defaultConfigurationIsVisible = 0;
			defaultConfigurationName = Release;
		};
		1FCE29D12FAC57070093DD2E /* Build configuration list for PBXNativeTarget "NuurWidgetExtension" */ = {
			isa = XCConfigurationList;
			buildConfigurations = (
				1FCE29CE2FAC57070093DD2E /* Debug */,
				1FCE29CF2FAC57070093DD2E /* Release */,
			);
			defaultConfigurationIsVisible = 0;
			defaultConfigurationName = Release;
		};
		83CBB9FA1A601CBA00E9B192 /* Build configuration list for PBXProject "Nuur" */ = {
			isa = XCConfigurationList;
			buildConfigurations = (
				83CBBA201A601CBA00E9B192 /* Debug */,
				83CBBA211A601CBA00E9B192 /* Release */,
			);
			defaultConfigurationIsVisible = 0;
			defaultConfigurationName = Release;
		};
/* End XCConfigurationList section */
	};
	rootObject = 83CBB9F71A601CBA00E9B192 /* Project object */;
}
